
Microsoft Visual Studio Solution File, Format Version 12.00
# Visual Studio 14
VisualStudioVersion = 14.0.25420.1
MinimumVisualStudioVersion = 10.0.40219.1
Project("{FAE04EC0-301F-11D3-BF4B-00C04F79EFBC}") = "ParcialDosTDD", "ParcialDosTDD\ParcialDosTDD.csproj", "{0DD2F9B5-E1CC-41C6-A215-8F51177465E3}"
EndProject
Project("{FAE04EC0-301F-11D3-BF4B-00C04F79EFBC}") = "CalculadoraSimple", "CalculadoraSimple\CalculadoraSimple.csproj", "{7D0C3EFB-C2B3-42D8-A71A-DE8C3C7CC784}"
EndProject
Project("{FAE04EC0-301F-11D3-BF4B-00C04F79EFBC}") = "ParcialSimpleTest", "ParcialSimpleTest\ParcialSimpleTest.csproj", "{C7CA2F3B-A1A0-40F6-8986-20A122462709}"
EndProject
Global
	GlobalSection(SolutionConfigurationPlatforms) = preSolution
		Debug|Any CPU = Debug|Any CPU
		Release|Any CPU = Release|Any CPU
	EndGlobalSection
	GlobalSection(ProjectConfigurationPlatforms) = postSolution
		{0DD2F9B5-E1CC-41C6-A215-8F51177465E3}.Debug|Any CPU.ActiveCfg = Debug|Any CPU
		{0DD2F9B5-E1CC-41C6-A215-8F51177465E3}.Debug|Any CPU.Build.0 = Debug|Any CPU
		{0DD2F9B5-E1CC-41C6-A215-8F51177465E3}.Release|Any CPU.ActiveCfg = Release|Any CPU
		{0DD2F9B5-E1CC-41C6-A215-8F51177465E3}.Release|Any CPU.Build.0 = Release|Any CPU
		{7D0C3EFB-C2B3-42D8-A71A-DE8C3C7CC784}.Debug|Any CPU.ActiveCfg = Debug|Any CPU
		{7D0C3EFB-C2B3-42D8-A71A-DE8C3C7CC784}.Debug|Any CPU.Build.0 = Debug|Any CPU
		{7D0C3EFB-C2B3-42D8-A71A-DE8C3C7CC784}.Release|Any CPU.ActiveCfg = Release|Any CPU
		{7D0C3EFB-C2B3-42D8-A71A-DE8C3C7CC784}.Release|Any CPU.Build.0 = Release|Any CPU
		{C7CA2F3B-A1A0-40F6-8986-20A122462709}.Debug|Any CPU.ActiveCfg = Debug|Any CPU
		{C7CA2F3B-A1A0-40F6-8986-20A122462709}.Debug|Any CPU.Build.0 = Debug|Any CPU
		{C7CA2F3B-A1A0-40F6-8986-20A122462709}.Release|Any CPU.ActiveCfg = Release|Any CPU
		{C7CA2F3B-A1A0-40F6-8986-20A122462709}.Release|Any CPU.Build.0 = Release|Any CPU
	EndGlobalSection
	GlobalSection(SolutionProperties) = preSolution
		HideSolutionNode = FALSE
	EndGlobalSection
EndGlobal
